
Microsoft Visual Studio Solution File, Format Version 12.00
# Visual Studio Version 17
VisualStudioVersion = 17.8.34322.80
MinimumVisualStudioVersion = 10.0.40219.1
Project("{FAE04EC0-301F-11D3-BF4B-00C04F79EFBC}") = "KütüphaneYönetimSistemi", "KütüphaneYönetimSistemi\KütüphaneYönetimSistemi.csproj", "{318B6860-107E-468B-B1DE-FE05F85D00BD}"
EndProject
Global
	GlobalSection(SolutionConfigurationPlatforms) = preSolution
		Debug|Any CPU = Debug|Any CPU
		Release|Any CPU = Release|Any CPU
	EndGlobalSection
	GlobalSection(ProjectConfigurationPlatforms) = postSolution
		{318B6860-107E-468B-B1DE-FE05F85D00BD}.Debug|Any CPU.ActiveCfg = Debug|Any CPU
		{318B6860-107E-468B-B1DE-FE05F85D00BD}.Debug|Any CPU.Build.0 = Debug|Any CPU
		{318B6860-107E-468B-B1DE-FE05F85D00BD}.Release|Any CPU.ActiveCfg = Release|Any CPU
		{318B6860-107E-468B-B1DE-FE05F85D00BD}.Release|Any CPU.Build.0 = Release|Any CPU
	EndGlobalSection
	GlobalSection(SolutionProperties) = preSolution
		HideSolutionNode = FALSE
	EndGlobalSection
	GlobalSection(ExtensibilityGlobals) = postSolution
		SolutionGuid = {2276F2B8-DB6E-4264-A1A2-9C3AB644837A}
	EndGlobalSection
EndGlobal
